
Microsoft Visual Studio Solution File, Format Version 12.00
# Visual Studio Version 16
VisualStudioVersion = 16.0.29920.165
MinimumVisualStudioVersion = 10.0.40219.1
Project("{FAE04EC0-301F-11D3-BF4B-00C04F79EFBC}") = "Aplicatie_Masina", "Aplicatie_Masina\Aplicatie_Masina.csproj", "{4ACC0F28-6488-4A5B-814E-1ADDA34B488A}"
EndProject
Project("{FAE04EC0-301F-11D3-BF4B-00C04F79EFBC}") = "Librarie", "Librarie\Librarie.csproj", "{B3A845ED-739F-4C84-8A3A-A025411E592B}"
EndProject
Project("{FAE04EC0-301F-11D3-BF4B-00C04F79EFBC}") = "NivelAccesDate", "NivelAccesDate\NivelAccesDate.csproj", "{BAF4A91E-33F6-4C86-B418-85A3DF02024D}"
EndProject
Project("{FAE04EC0-301F-11D3-BF4B-00C04F79EFBC}") = "Form_Masini", "Form_Masini\Form_Masini.csproj", "{C1079C4F-BB0E-418C-B0FE-BE5CF6B2605A}"
EndProject
Global
	GlobalSection(SolutionConfigurationPlatforms) = preSolution
		Debug|Any CPU = Debug|Any CPU
		Release|Any CPU = Release|Any CPU
	EndGlobalSection
	GlobalSection(ProjectConfigurationPlatforms) = postSolution
		{4ACC0F28-6488-4A5B-814E-1ADDA34B488A}.Debug|Any CPU.ActiveCfg = Debug|Any CPU
		{4ACC0F28-6488-4A5B-814E-1ADDA34B488A}.Debug|Any CPU.Build.0 = Debug|Any CPU
		{4ACC0F28-6488-4A5B-814E-1ADDA34B488A}.Release|Any CPU.ActiveCfg = Release|Any CPU
		{4ACC0F28-6488-4A5B-814E-1ADDA34B488A}.Release|Any CPU.Build.0 = Release|Any CPU
		{B3A845ED-739F-4C84-8A3A-A025411E592B}.Debug|Any CPU.ActiveCfg = Debug|Any CPU
		{B3A845ED-739F-4C84-8A3A-A025411E592B}.Debug|Any CPU.Build.0 = Debug|Any CPU
		{B3A845ED-739F-4C84-8A3A-A025411E592B}.Release|Any CPU.ActiveCfg = Release|Any CPU
		{B3A845ED-739F-4C84-8A3A-A025411E592B}.Release|Any CPU.Build.0 = Release|Any CPU
		{BAF4A91E-33F6-4C86-B418-85A3DF02024D}.Debug|Any CPU.ActiveCfg = Debug|Any CPU
		{BAF4A91E-33F6-4C86-B418-85A3DF02024D}.Debug|Any CPU.Build.0 = Debug|Any CPU
		{BAF4A91E-33F6-4C86-B418-85A3DF02024D}.Release|Any CPU.ActiveCfg = Release|Any CPU
		{BAF4A91E-33F6-4C86-B418-85A3DF02024D}.Release|Any CPU.Build.0 = Release|Any CPU
		{C1079C4F-BB0E-418C-B0FE-BE5CF6B2605A}.Debug|Any CPU.ActiveCfg = Debug|Any CPU
		{C1079C4F-BB0E-418C-B0FE-BE5CF6B2605A}.Debug|Any CPU.Build.0 = Debug|Any CPU
		{C1079C4F-BB0E-418C-B0FE-BE5CF6B2605A}.Release|Any CPU.ActiveCfg = Release|Any CPU
		{C1079C4F-BB0E-418C-B0FE-BE5CF6B2605A}.Release|Any CPU.Build.0 = Release|Any CPU
	EndGlobalSection
	GlobalSection(SolutionProperties) = preSolution
		HideSolutionNode = FALSE
	EndGlobalSection
	GlobalSection(ExtensibilityGlobals) = postSolution
		SolutionGuid = {D528B520-B4A1-43C3-B04A-20453EDC4752}
	EndGlobalSection
EndGlobal
